# @generated by Move, please check-in and do not edit manually.

[move]
version = 3
manifest_digest = "C2EF3E471B5F30A7997EB44F833D2E1316BB93B160735FC4063C3366C1A6048E"
deps_digest = "F8BBB0CCB2491CA29A3DF03D6F92277A4F3574266507ACD77214D37ECA3F3082"
dependencies = [
  { id = "Sui", name = "Sui" },
]

[[move.package]]
id = "MoveStdlib"
source = { git = "https://github.com/MystenLabs/sui.git", rev = "framework/devnet", subdir = "crates/sui-framework/packages/move-stdlib" }

[[move.package]]
id = "Sui"
source = { git = "https://github.com/MystenLabs/sui.git", rev = "framework/devnet", subdir = "crates/sui-framework/packages/sui-framework" }

dependencies = [
  { id = "MoveStdlib", name = "MoveStdlib" },
]

[move.toolchain-version]
compiler-version = "1.35.0"
edition = "2024.beta"
flavor = "sui"

[env]

[env.devnet]
chain-id = "6e9adb0e"
original-published-id = "0xe149bf81b1cf4fa336f05dd70e5d4e88dd5bc4ed229f85934914372c179cdf51"
latest-published-id = "0xe149bf81b1cf4fa336f05dd70e5d4e88dd5bc4ed229f85934914372c179cdf51"
published-version = "1"

[env.testnet]
chain-id = "4c78adac"
original-published-id = "0xd2a35174b96739242ea214bfd1a81c0d931b1230b0e4535b094e6ece7154d16f"
latest-published-id = "0xd2a35174b96739242ea214bfd1a81c0d931b1230b0e4535b094e6ece7154d16f"
published-version = "1"
