# @generated by Move, please check-in and do not edit manually.

[move]
version = 3
manifest_digest = "C2EF3E471B5F30A7997EB44F833D2E1316BB93B160735FC4063C3366C1A6048E"
deps_digest = "F8BBB0CCB2491CA29A3DF03D6F92277A4F3574266507ACD77214D37ECA3F3082"
dependencies = [
  { id = "Sui", name = "Sui" },
]

[[move.package]]
id = "MoveStdlib"
source = { git = "https://github.com/MystenLabs/sui.git", rev = "framework/devnet", subdir = "crates/sui-framework/packages/move-stdlib" }

[[move.package]]
id = "Sui"
source = { git = "https://github.com/MystenLabs/sui.git", rev = "framework/devnet", subdir = "crates/sui-framework/packages/sui-framework" }

dependencies = [
  { id = "MoveStdlib", name = "MoveStdlib" },
]

[move.toolchain-version]
compiler-version = "1.35.0"
edition = "2024.beta"
flavor = "sui"

[env]

[env.devnet]
chain-id = "6e9adb0e"
original-published-id = "0xeb653c9482a8d5c2cf96289f429d882df9d8fac4ce4f78b8433ba2ccde4a0dd9"
latest-published-id = "0xeb653c9482a8d5c2cf96289f429d882df9d8fac4ce4f78b8433ba2ccde4a0dd9"
published-version = "1"
